schema: '2.0'
stages:
  load_data:
    cmd: python -m src.data_loading.load_data
    deps:
    - path: src/data_loading/load_data.py
      hash: md5
      md5: f790ff394bbfeec7317e5e6b2c35c6c4
      size: 1460
    outs:
    - path: data/raw/raw.csv
      hash: md5
      md5: 9d7bc5597c2946316165381c668ba29a
      size: 116187
  preprocess_data:
    cmd: python -m src.data_preprocessing.preprocess_data
    deps:
    - path: data/raw/raw.csv
      hash: md5
      md5: 9d7bc5597c2946316165381c668ba29a
      size: 116187
    - path: src/data_preprocessing/preprocess_data.py
      hash: md5
      md5: 727f22f9650a9dfb2b1a217912d46034
      size: 3993
    params:
      params.yaml:
        preprocess_data.random_seed: 42
        preprocess_data.test_size: 0.25
    outs:
    - path: artifacts/[features]_mean_imputer.joblib
      hash: md5
      md5: cacfa91864c53634998e06000c97c102
      size: 1511
    - path: data/preprocessed/test_preprocessed.csv
      hash: md5
      md5: 629aa40e1ed4d16bd959ef721f45c710
      size: 33341
    - path: data/preprocessed/train_preprocessed.csv
      hash: md5
      md5: 6ac3826bff3ae3c620f4fc76726946c0
      size: 98426
  engineer_features:
    cmd: python -m src.feature_engineering.engineer_features
    deps:
    - path: data/preprocessed/test_preprocessed.csv
      hash: md5
      md5: 629aa40e1ed4d16bd959ef721f45c710
      size: 33341
    - path: data/preprocessed/train_preprocessed.csv
      hash: md5
      md5: 6ac3826bff3ae3c620f4fc76726946c0
      size: 98426
    - path: src/feature_engineering/engineer_features.py
      hash: md5
      md5: f8446b81a185b5c5d4b06fd60a3b9b9f
      size: 3052
    outs:
    - path: artifacts/[features]_scaler.joblib
      hash: md5
      md5: 612922c2e44a6880d64330e5fe8df6b1
      size: 2135
    - path: data/processed/test_processed.csv
      hash: md5
      md5: 4649149869a59937792450ef136517b4
      size: 85032
    - path: data/processed/train_processed.csv
      hash: md5
      md5: 36a29da87ca0161186a44df403e6e53a
      size: 251430
  train:
    cmd: python -m src.model_training.train_model
    deps:
    - path: data/processed/train_processed.csv
      hash: md5
      md5: 36a29da87ca0161186a44df403e6e53a
      size: 251430
    - path: src/model_training/train_model.py
      hash: md5
      md5: 9865972e4ae5ddafb7a20e3c6821738c
      size: 6797
    params:
      params.yaml:
        train.batch_size: 16
        train.dropout_rate: 0.3
        train.epochs: 100
        train.hidden_layer_1_neurons: 64
        train.hidden_layer_2_neurons: 32
        train.learning_rate: 0.001
    outs:
    - path: artifacts/[target]_one_hot_encoder.joblib
      hash: md5
      md5: 9c68e41a114fdb0985121e8d89f055bc
      size: 617
    - path: metrics/training.json
      hash: md5
      md5: 6df9c6e7c8d164aa74a891a494bbb7c4
      size: 139
    - path: models/model.keras
      hash: md5
      md5: 09fbcaf97ee27f849e33079d23f24c0b
      size: 79417
  evaluate:
    cmd: python -m src.model_evaluation.evaluate_model
    deps:
    - path: artifacts/[target]_one_hot_encoder.joblib
      hash: md5
      md5: 9c68e41a114fdb0985121e8d89f055bc
      size: 617
    - path: data/processed/test_processed.csv
      hash: md5
      md5: 4649149869a59937792450ef136517b4
      size: 85032
    - path: models/model.keras
      hash: md5
      md5: 09fbcaf97ee27f849e33079d23f24c0b
      size: 79417
    - path: src/model_evaluation/evaluate_model.py
      hash: md5
      md5: 1c01d7b7904b0f15ba10ac99d259ca02
      size: 3290
    outs:
    - path: metrics/evaluation.json
      hash: md5
      md5: 59f4ecbafc8f529e6cc7db818c3b6d75
      size: 790
