schema: '2.0'
stages:
  load_data:
    cmd: python -m src.data_loading.load_data
    deps:
    - path: src/data_loading/load_data.py
      hash: md5
      md5: f790ff394bbfeec7317e5e6b2c35c6c4
      size: 1460
    outs:
    - path: data/raw/raw.csv
      hash: md5
      md5: ba818b6cf2cf70c7af5d43b3b5d8d111
      size: 116187
  preprocess_data:
    cmd: python -m src.data_preprocessing.preprocess_data
    deps:
    - path: data/raw/raw.csv
      hash: md5
      md5: ba818b6cf2cf70c7af5d43b3b5d8d111
      size: 116187
    - path: src/data_preprocessing/preprocess_data.py
      hash: md5
      md5: 727f22f9650a9dfb2b1a217912d46034
      size: 3993
    params:
      params.yaml:
        preprocess_data.random_seed: 42
        preprocess_data.test_size: 0.25
    outs:
    - path: artifacts/[features]_mean_imputer.joblib
      hash: md5
      md5: 1c37197b8ed964e420c54a78a93f00d1
      size: 1511
    - path: data/preprocessed/test_preprocessed.csv
      hash: md5
      md5: 6b7416fa3ca52c4112bcd3a50c072381
      size: 33717
    - path: data/preprocessed/train_preprocessed.csv
      hash: md5
      md5: ec07eb8f95f22344a08599b48c537133
      size: 98606
  engineer_features:
    cmd: python -m src.feature_engineering.engineer_features
    deps:
    - path: data/preprocessed/test_preprocessed.csv
      hash: md5
      md5: 6b7416fa3ca52c4112bcd3a50c072381
      size: 33717
    - path: data/preprocessed/train_preprocessed.csv
      hash: md5
      md5: ec07eb8f95f22344a08599b48c537133
      size: 98606
    - path: src/feature_engineering/engineer_features.py
      hash: md5
      md5: f8446b81a185b5c5d4b06fd60a3b9b9f
      size: 3052
    outs:
    - path: artifacts/[features]_scaler.joblib
      hash: md5
      md5: 44d7f6a3cbf1e677f1b7166db862711b
      size: 2135
    - path: data/processed/test_processed.csv
      hash: md5
      md5: 77db40eedc2c6fd910ca2d07d595889c
      size: 84918
    - path: data/processed/train_processed.csv
      hash: md5
      md5: 78e831be0a283d2612a096079e4aefaa
      size: 251730
  train:
    cmd: python -m src.model_training.train_model
    deps:
    - path: data/processed/train_processed.csv
      hash: md5
      md5: 78e831be0a283d2612a096079e4aefaa
      size: 251730
    - path: src/model_training/train_model.py
      hash: md5
      md5: 9865972e4ae5ddafb7a20e3c6821738c
      size: 6797
    params:
      params.yaml:
        train.batch_size: 16
        train.dropout_rate: 0.3
        train.epochs: 100
        train.hidden_layer_1_neurons: 64
        train.hidden_layer_2_neurons: 32
        train.learning_rate: 0.001
    outs:
    - path: artifacts/[target]_one_hot_encoder.joblib
      hash: md5
      md5: 9c68e41a114fdb0985121e8d89f055bc
      size: 617
    - path: metrics/training.json
      hash: md5
      md5: 008d2f65faf861fd720082f25952ee60
      size: 140
    - path: models/model.keras
      hash: md5
      md5: cdb6fdbdaf1ba75badb12fa1930f841a
      size: 79417
  evaluate:
    cmd: python -m src.model_evaluation.evaluate_model
    deps:
    - path: artifacts/[target]_one_hot_encoder.joblib
      hash: md5
      md5: 9c68e41a114fdb0985121e8d89f055bc
      size: 617
    - path: data/processed/test_processed.csv
      hash: md5
      md5: 77db40eedc2c6fd910ca2d07d595889c
      size: 84918
    - path: models/model.keras
      hash: md5
      md5: cdb6fdbdaf1ba75badb12fa1930f841a
      size: 79417
    - path: src/model_evaluation/evaluate_model.py
      hash: md5
      md5: 1c01d7b7904b0f15ba10ac99d259ca02
      size: 3290
    outs:
    - path: metrics/evaluation.json
      hash: md5
      md5: 9aee5e29e370aa690b1399fd8555d905
      size: 792
