schema: '2.0'
stages:
  load_data:
    cmd: python -m src.data_loading.load_data
    deps:
    - path: src/data_loading/load_data.py
      hash: md5
      md5: f790ff394bbfeec7317e5e6b2c35c6c4
      size: 1460
    outs:
    - path: data/raw/raw.csv
      hash: md5
      md5: 8f4bbb13094a888c8639fb5c319fa539
      size: 116187
  preprocess_data:
    cmd: python -m src.data_preprocessing.preprocess_data
    deps:
    - path: data/raw/raw.csv
      hash: md5
      md5: 8f4bbb13094a888c8639fb5c319fa539
      size: 116187
    - path: src/data_preprocessing/preprocess_data.py
      hash: md5
      md5: 727f22f9650a9dfb2b1a217912d46034
      size: 3993
    params:
      params.yaml:
        preprocess_data.random_seed: 42
        preprocess_data.test_size: 0.25
    outs:
    - path: artifacts/[features]_mean_imputer.joblib
      hash: md5
      md5: e6ed248ba0027c034c52597b59de08f0
      size: 1511
    - path: data/preprocessed/test_preprocessed.csv
      hash: md5
      md5: c70855ca1c8939aafeb764aaf6aaf798
      size: 33521
    - path: data/preprocessed/train_preprocessed.csv
      hash: md5
      md5: 07399e5dab42ae781aae5749d43a241d
      size: 98199
  engineer_features:
    cmd: python -m src.feature_engineering.engineer_features
    deps:
    - path: data/preprocessed/test_preprocessed.csv
      hash: md5
      md5: c70855ca1c8939aafeb764aaf6aaf798
      size: 33521
    - path: data/preprocessed/train_preprocessed.csv
      hash: md5
      md5: 07399e5dab42ae781aae5749d43a241d
      size: 98199
    - path: src/feature_engineering/engineer_features.py
      hash: md5
      md5: f8446b81a185b5c5d4b06fd60a3b9b9f
      size: 3052
    outs:
    - path: artifacts/[features]_scaler.joblib
      hash: md5
      md5: bdaac0341807bad28b1d865065a46d9f
      size: 2135
    - path: data/processed/test_processed.csv
      hash: md5
      md5: 5dcadf207ed468e6ade09ef190f7bf43
      size: 84980
    - path: data/processed/train_processed.csv
      hash: md5
      md5: 45f3f6a3875676a55f5a6b10438a11f4
      size: 252413
  train:
    cmd: python -m src.model_training.train_model
    deps:
    - path: data/processed/train_processed.csv
      hash: md5
      md5: 45f3f6a3875676a55f5a6b10438a11f4
      size: 252413
    - path: src/model_training/train_model.py
      hash: md5
      md5: 16882d4d228f2794f649f09e0a9c36fc
      size: 5302
    params:
      params.yaml:
        train.batch_size: 16
        train.dropout_rate: 0.3
        train.epochs: 100
        train.hidden_layer_1_neurons: 64
        train.hidden_layer_2_neurons: 32
        train.learning_rate: 0.001
    outs:
    - path: artifacts/[target]_one_hot_encoder.joblib
      hash: md5
      md5: 9c68e41a114fdb0985121e8d89f055bc
      size: 617
    - path: metrics/training.json
      hash: md5
      md5: b4b9553a4f9cbc04087ef40e6eefa4b8
      size: 112
    - path: models/model.keras
      hash: md5
      md5: 7ddf60c69f7c4e6c4b07294b7501fe96
      size: 79417
  evaluate:
    cmd: python -m src.model_evaluation.evaluate_model
    deps:
    - path: artifacts/[target]_one_hot_encoder.joblib
      hash: md5
      md5: 9c68e41a114fdb0985121e8d89f055bc
      size: 617
    - path: data/processed/test_processed.csv
      hash: md5
      md5: 5dcadf207ed468e6ade09ef190f7bf43
      size: 84980
    - path: models/model.keras
      hash: md5
      md5: 7ddf60c69f7c4e6c4b07294b7501fe96
      size: 79417
    - path: src/model_evaluation/evaluate_model.py
      hash: md5
      md5: 1300021eeca5193c758efb74cfff4814
      size: 2514
    outs:
    - path: metrics/evaluation.json
      hash: md5
      md5: 005903bed612c66a8f9d87b8dc1c5b6c
      size: 778
